
Microsoft Visual Studio Solution File, Format Version 12.00
# Visual Studio Version 17
VisualStudioVersion = 17.14.36623.8 d17.14
MinimumVisualStudioVersion = 10.0.40219.1
Project("{2150E333-8FDC-42A3-9474-1A3956D46DE8}") = "Task0", "Task0", "{02EA681E-C7D8-13C7-8484-4AC65E1B71E8}"
EndProject
Project("{FAE04EC0-301F-11D3-BF4B-00C04F79EFBC}") = "Tyuiu.Programmation.Sprint2.Task0.V15.Test", "Tyuiu.Programmation.Sprint2.Task0.V15.Test\Tyuiu.Programmation.Sprint2.Task0.V15.Test.csproj", "{901E8783-2046-46CA-AABF-7F48AB447D9C}"
EndProject
Project("{FAE04EC0-301F-11D3-BF4B-00C04F79EFBC}") = "Tyuiu.Programmation.Sprint2.Task0.V15.Lib", "Tyuiu.Programmation.Sprint2.Task0.V15.Lib\Tyuiu.Programmation.Sprint2.Task0.V15.Lib.csproj", "{5DD889BC-FF7B-493F-80E8-155A33C5DE25}"
EndProject
Project("{FAE04EC0-301F-11D3-BF4B-00C04F79EFBC}") = "Tyuiu.Programmation.Sprint2.Task0.V15", "Tyuiu.Programmation.Sprint2.Task0.V15\Tyuiu.Programmation.Sprint2.Task0.V15.csproj", "{F5A05A06-2F01-4FCE-990C-8BC755F0AA7F}"
EndProject
Project("{2150E333-8FDC-42A3-9474-1A3956D46DE8}") = "Task1", "Task1", "{94F49CEF-599C-435D-9746-1F2489FEF66F}"
EndProject
Project("{FAE04EC0-301F-11D3-BF4B-00C04F79EFBC}") = "Tyuiu.Programmation.Sprint2.Task1.V10", "Tyuiu.Programmation.Sprint2.Task1.V10\Tyuiu.Programmation.Sprint2.Task1.V10.csproj", "{7A20D208-D816-493B-89D7-2B567738C549}"
EndProject
Project("{FAE04EC0-301F-11D3-BF4B-00C04F79EFBC}") = "Tyuiu.Programmation.Sprint2.Task1.V10.Lib", "Tyuiu.Programmation.Sprint2.Task1.V10.Lib\Tyuiu.Programmation.Sprint2.Task1.V10.Lib.csproj", "{4F23A08E-81C5-4BC9-BD6D-DDF3E2873821}"
EndProject
Project("{FAE04EC0-301F-11D3-BF4B-00C04F79EFBC}") = "Tyuiu.Programmation.Sprint2.Task1.V10.Test", "Tyuiu.Programmation.Sprint2.Task1.V10.Test\Tyuiu.Programmation.Sprint2.Task1.V10.Test.csproj", "{757AF2C1-DCBB-424A-994C-FB5A33F6C5B3}"
EndProject
Global
	GlobalSection(SolutionConfigurationPlatforms) = preSolution
		Debug|Any CPU = Debug|Any CPU
		Release|Any CPU = Release|Any CPU
	EndGlobalSection
	GlobalSection(ProjectConfigurationPlatforms) = postSolution
		{901E8783-2046-46CA-AABF-7F48AB447D9C}.Debug|Any CPU.ActiveCfg = Debug|Any CPU
		{901E8783-2046-46CA-AABF-7F48AB447D9C}.Debug|Any CPU.Build.0 = Debug|Any CPU
		{901E8783-2046-46CA-AABF-7F48AB447D9C}.Release|Any CPU.ActiveCfg = Release|Any CPU
		{901E8783-2046-46CA-AABF-7F48AB447D9C}.Release|Any CPU.Build.0 = Release|Any CPU
		{5DD889BC-FF7B-493F-80E8-155A33C5DE25}.Debug|Any CPU.ActiveCfg = Debug|Any CPU
		{5DD889BC-FF7B-493F-80E8-155A33C5DE25}.Debug|Any CPU.Build.0 = Debug|Any CPU
		{5DD889BC-FF7B-493F-80E8-155A33C5DE25}.Release|Any CPU.ActiveCfg = Release|Any CPU
		{5DD889BC-FF7B-493F-80E8-155A33C5DE25}.Release|Any CPU.Build.0 = Release|Any CPU
		{F5A05A06-2F01-4FCE-990C-8BC755F0AA7F}.Debug|Any CPU.ActiveCfg = Debug|Any CPU
		{F5A05A06-2F01-4FCE-990C-8BC755F0AA7F}.Debug|Any CPU.Build.0 = Debug|Any CPU
		{F5A05A06-2F01-4FCE-990C-8BC755F0AA7F}.Release|Any CPU.ActiveCfg = Release|Any CPU
		{F5A05A06-2F01-4FCE-990C-8BC755F0AA7F}.Release|Any CPU.Build.0 = Release|Any CPU
		{7A20D208-D816-493B-89D7-2B567738C549}.Debug|Any CPU.ActiveCfg = Debug|Any CPU
		{7A20D208-D816-493B-89D7-2B567738C549}.Debug|Any CPU.Build.0 = Debug|Any CPU
		{7A20D208-D816-493B-89D7-2B567738C549}.Release|Any CPU.ActiveCfg = Release|Any CPU
		{7A20D208-D816-493B-89D7-2B567738C549}.Release|Any CPU.Build.0 = Release|Any CPU
		{4F23A08E-81C5-4BC9-BD6D-DDF3E2873821}.Debug|Any CPU.ActiveCfg = Debug|Any CPU
		{4F23A08E-81C5-4BC9-BD6D-DDF3E2873821}.Debug|Any CPU.Build.0 = Debug|Any CPU
		{4F23A08E-81C5-4BC9-BD6D-DDF3E2873821}.Release|Any CPU.ActiveCfg = Release|Any CPU
		{4F23A08E-81C5-4BC9-BD6D-DDF3E2873821}.Release|Any CPU.Build.0 = Release|Any CPU
		{757AF2C1-DCBB-424A-994C-FB5A33F6C5B3}.Debug|Any CPU.ActiveCfg = Debug|Any CPU
		{757AF2C1-DCBB-424A-994C-FB5A33F6C5B3}.Debug|Any CPU.Build.0 = Debug|Any CPU
		{757AF2C1-DCBB-424A-994C-FB5A33F6C5B3}.Release|Any CPU.ActiveCfg = Release|Any CPU
		{757AF2C1-DCBB-424A-994C-FB5A33F6C5B3}.Release|Any CPU.Build.0 = Release|Any CPU
	EndGlobalSection
	GlobalSection(SolutionProperties) = preSolution
		HideSolutionNode = FALSE
	EndGlobalSection
	GlobalSection(NestedProjects) = preSolution
		{901E8783-2046-46CA-AABF-7F48AB447D9C} = {02EA681E-C7D8-13C7-8484-4AC65E1B71E8}
		{5DD889BC-FF7B-493F-80E8-155A33C5DE25} = {02EA681E-C7D8-13C7-8484-4AC65E1B71E8}
		{F5A05A06-2F01-4FCE-990C-8BC755F0AA7F} = {02EA681E-C7D8-13C7-8484-4AC65E1B71E8}
		{7A20D208-D816-493B-89D7-2B567738C549} = {94F49CEF-599C-435D-9746-1F2489FEF66F}
		{4F23A08E-81C5-4BC9-BD6D-DDF3E2873821} = {94F49CEF-599C-435D-9746-1F2489FEF66F}
		{757AF2C1-DCBB-424A-994C-FB5A33F6C5B3} = {94F49CEF-599C-435D-9746-1F2489FEF66F}
	EndGlobalSection
	GlobalSection(ExtensibilityGlobals) = postSolution
		SolutionGuid = {4DCB597B-EFD5-4467-A6E7-B8F132A239C2}
	EndGlobalSection
EndGlobal
